PODS:
  - CPTGridListManager (0.1.2)

DEPENDENCIES:
  - CPTGridListManager (from `../`)

EXTERNAL SOURCES:
  CPTGridListManager:
    :path: "../"

SPEC CHECKSUMS:
  CPTGridListManager: 1c1831dc2c92c84df680aebf1790d6bbe2da456c

PODFILE CHECKSUM: 4735a99b4ef1fcf7664732dc7f5241e0030dba73

COCOAPODS: 1.5.3
