PODS:
  - CPTGridListManager (0.1.6)

DEPENDENCIES:
  - CPTGridListManager (from `../`)

EXTERNAL SOURCES:
  CPTGridListManager:
    :path: "../"

SPEC CHECKSUMS:
  CPTGridListManager: 35cb8708b7b9327ecd5457ab3f8e09be44652185

PODFILE CHECKSUM: 4735a99b4ef1fcf7664732dc7f5241e0030dba73

COCOAPODS: 1.5.3
