PODS:
  - CPTGridListManager (0.1.3)

DEPENDENCIES:
  - CPTGridListManager (from `../`)

EXTERNAL SOURCES:
  CPTGridListManager:
    :path: "../"

SPEC CHECKSUMS:
  CPTGridListManager: da1455389db1e5f1b1846089361f09eaf674535e

PODFILE CHECKSUM: 4735a99b4ef1fcf7664732dc7f5241e0030dba73

COCOAPODS: 1.5.3
